// !$*UTF8*$!
{
	archiveVersion = 1;
	classes = {
	};
	objectVersion = 52;
	objects = {

/* Begin PBXBuildFile section */
		C53A534126ECDF110093940D /* BlogAppApp.swift in Sources */ = {isa = PBXBuildFile; fileRef = C53A534026ECDF110093940D /* BlogAppApp.swift */; };
		C53A534326ECDF110093940D /* ContentView.swift in Sources */ = {isa = PBXBuildFile; fileRef = C53A534226ECDF110093940D /* ContentView.swift */; };
		C53A534526ECDF140093940D /* Assets.xcassets in Resources */ = {isa = PBXBuildFile; fileRef = C53A534426ECDF140093940D /* Assets.xcassets */; };
		C53A534826ECDF140093940D /* Preview Assets.xcassets in Resources */ = {isa = PBXBuildFile; fileRef = C53A534726ECDF140093940D /* Preview Assets.xcassets */; };
		C53A535426ECE1BA0093940D /* Contentful in Frameworks */ = {isa = PBXBuildFile; productRef = C53A535326ECE1BA0093940D /* Contentful */; };
		C53A535726ECE1DB0093940D /* SDWebImageSwiftUI in Frameworks */ = {isa = PBXBuildFile; productRef = C53A535626ECE1DB0093940D /* SDWebImageSwiftUI */; };
		C53A535926ECE2450093940D /* MainView.swift in Sources */ = {isa = PBXBuildFile; fileRef = C53A535826ECE2450093940D /* MainView.swift */; };
		C53A535B26ECE2520093940D /* AllPosts.swift in Sources */ = {isa = PBXBuildFile; fileRef = C53A535A26ECE2520093940D /* AllPosts.swift */; };
		C53A535D26ECE2660093940D /* BlogPostCardMain.swift in Sources */ = {isa = PBXBuildFile; fileRef = C53A535C26ECE2660093940D /* BlogPostCardMain.swift */; };
		C53A535F26ECE2740093940D /* BlogPostCardList.swift in Sources */ = {isa = PBXBuildFile; fileRef = C53A535E26ECE2740093940D /* BlogPostCardList.swift */; };
		C53A536126ECE28A0093940D /* BlogPostView.swift in Sources */ = {isa = PBXBuildFile; fileRef = C53A536026ECE28A0093940D /* BlogPostView.swift */; };
		C53A536326ECE2990093940D /* HexColorExtension.swift in Sources */ = {isa = PBXBuildFile; fileRef = C53A536226ECE2990093940D /* HexColorExtension.swift */; };
		C53A536626ECE2E20093940D /* BlogPostModel.swift in Sources */ = {isa = PBXBuildFile; fileRef = C53A536526ECE2E20093940D /* BlogPostModel.swift */; };
		C53A536826ECE2EC0093940D /* BlogPostStore.swift in Sources */ = {isa = PBXBuildFile; fileRef = C53A536726ECE2EC0093940D /* BlogPostStore.swift */; };
/* End PBXBuildFile section */

/* Begin PBXFileReference section */
		C53A533D26ECDF110093940D /* BlogApp.app */ = {isa = PBXFileReference; explicitFileType = wrapper.application; includeInIndex = 0; path = BlogApp.app; sourceTree = BUILT_PRODUCTS_DIR; };
		C53A534026ECDF110093940D /* BlogAppApp.swift */ = {isa = PBXFileReference; lastKnownFileType = sourcecode.swift; path = BlogAppApp.swift; sourceTree = "<group>"; };
		C53A534226ECDF110093940D /* ContentView.swift */ = {isa = PBXFileReference; lastKnownFileType = sourcecode.swift; path = ContentView.swift; sourceTree = "<group>"; };
		C53A534426ECDF140093940D /* Assets.xcassets */ = {isa = PBXFileReference; lastKnownFileType = folder.assetcatalog; path = Assets.xcassets; sourceTree = "<group>"; };
		C53A534726ECDF140093940D /* Preview Assets.xcassets */ = {isa = PBXFileReference; lastKnownFileType = folder.assetcatalog; path = "Preview Assets.xcassets"; sourceTree = "<group>"; };
		C53A534926ECDF140093940D /* Info.plist */ = {isa = PBXFileReference; lastKnownFileType = text.plist.xml; path = Info.plist; sourceTree = "<group>"; };
		C53A535826ECE2450093940D /* MainView.swift */ = {isa = PBXFileReference; lastKnownFileType = sourcecode.swift; path = MainView.swift; sourceTree = "<group>"; };
		C53A535A26ECE2520093940D /* AllPosts.swift */ = {isa = PBXFileReference; lastKnownFileType = sourcecode.swift; path = AllPosts.swift; sourceTree = "<group>"; };
		C53A535C26ECE2660093940D /* BlogPostCardMain.swift */ = {isa = PBXFileReference; lastKnownFileType = sourcecode.swift; path = BlogPostCardMain.swift; sourceTree = "<group>"; };
		C53A535E26ECE2740093940D /* BlogPostCardList.swift */ = {isa = PBXFileReference; lastKnownFileType = sourcecode.swift; path = BlogPostCardList.swift; sourceTree = "<group>"; };
		C53A536026ECE28A0093940D /* BlogPostView.swift */ = {isa = PBXFileReference; lastKnownFileType = sourcecode.swift; path = BlogPostView.swift; sourceTree = "<group>"; };
		C53A536226ECE2990093940D /* HexColorExtension.swift */ = {isa = PBXFileReference; lastKnownFileType = sourcecode.swift; path = HexColorExtension.swift; sourceTree = "<group>"; };
		C53A536526ECE2E20093940D /* BlogPostModel.swift */ = {isa = PBXFileReference; lastKnownFileType = sourcecode.swift; path = BlogPostModel.swift; sourceTree = "<group>"; };
		C53A536726ECE2EC0093940D /* BlogPostStore.swift */ = {isa = PBXFileReference; lastKnownFileType = sourcecode.swift; path = BlogPostStore.swift; sourceTree = "<group>"; };
/* End PBXFileReference section */

/* Begin PBXFrameworksBuildPhase section */
		C53A533A26ECDF110093940D /* Frameworks */ = {
			isa = PBXFrameworksBuildPhase;
			buildActionMask = 2147483647;
			files = (
				C53A535726ECE1DB0093940D /* SDWebImageSwiftUI in Frameworks */,
				C53A535426ECE1BA0093940D /* Contentful in Frameworks */,
			);
			runOnlyForDeploymentPostprocessing = 0;
		};
/* End PBXFrameworksBuildPhase section */

/* Begin PBXGroup section */
		C53A533426ECDF110093940D = {
			isa = PBXGroup;
			children = (
				C53A533F26ECDF110093940D /* BlogApp */,
				C53A533E26ECDF110093940D /* Products */,
			);
			sourceTree = "<group>";
		};
		C53A533E26ECDF110093940D /* Products */ = {
			isa = PBXGroup;
			children = (
				C53A533D26ECDF110093940D /* BlogApp.app */,
			);
			name = Products;
			sourceTree = "<group>";
		};
		C53A533F26ECDF110093940D /* BlogApp */ = {
			isa = PBXGroup;
			children = (
				C53A534926ECDF140093940D /* Info.plist */,
				C53A534026ECDF110093940D /* BlogAppApp.swift */,
				C53A534226ECDF110093940D /* ContentView.swift */,
				C53A535826ECE2450093940D /* MainView.swift */,
				C53A535A26ECE2520093940D /* AllPosts.swift */,
				C53A535C26ECE2660093940D /* BlogPostCardMain.swift */,
				C53A535E26ECE2740093940D /* BlogPostCardList.swift */,
				C53A536026ECE28A0093940D /* BlogPostView.swift */,
				C53A536226ECE2990093940D /* HexColorExtension.swift */,
				C53A536426ECE2CD0093940D /* Models */,
				C53A534426ECDF140093940D /* Assets.xcassets */,
				C53A534626ECDF140093940D /* Preview Content */,
			);
			path = BlogApp;
			sourceTree = "<group>";
		};
		C53A534626ECDF140093940D /* Preview Content */ = {
			isa = PBXGroup;
			children = (
				C53A534726ECDF140093940D /* Preview Assets.xcassets */,
			);
			path = "Preview Content";
			sourceTree = "<group>";
		};
		C53A536426ECE2CD0093940D /* Models */ = {
			isa = PBXGroup;
			children = (
				C53A536526ECE2E20093940D /* BlogPostModel.swift */,
				C53A536726ECE2EC0093940D /* BlogPostStore.swift */,
			);
			path = Models;
			sourceTree = "<group>";
		};
/* End PBXGroup section */

/* Begin PBXNativeTarget section */
		C53A533C26ECDF110093940D /* BlogApp */ = {
			isa = PBXNativeTarget;
			buildConfigurationList = C53A534C26ECDF140093940D /* Build configuration list for PBXNativeTarget "BlogApp" */;
			buildPhases = (
				C53A533926ECDF110093940D /* Sources */,
				C53A533A26ECDF110093940D /* Frameworks */,
				C53A533B26ECDF110093940D /* Resources */,
			);
			buildRules = (
			);
			dependencies = (
			);
			name = BlogApp;
			packageProductDependencies = (
				C53A535326ECE1BA0093940D /* Contentful */,
				C53A535626ECE1DB0093940D /* SDWebImageSwiftUI */,
			);
			productName = BlogApp;
			productReference = C53A533D26ECDF110093940D /* BlogApp.app */;
			productType = "com.apple.product-type.application";
		};
/* End PBXNativeTarget section */

/* Begin PBXProject section */
		C53A533526ECDF110093940D /* Project object */ = {
			isa = PBXProject;
			attributes = {
				LastSwiftUpdateCheck = 1250;
				LastUpgradeCheck = 1250;
				TargetAttributes = {
					C53A533C26ECDF110093940D = {
						CreatedOnToolsVersion = 12.5.1;
					};
				};
			};
			buildConfigurationList = C53A533826ECDF110093940D /* Build configuration list for PBXProject "BlogApp" */;
			compatibilityVersion = "Xcode 9.3";
			developmentRegion = en;
			hasScannedForEncodings = 0;
			knownRegions = (
				en,
				Base,
			);
			mainGroup = C53A533426ECDF110093940D;
			packageReferences = (
				C53A535226ECE1BA0093940D /* XCRemoteSwiftPackageReference "contentful.swift" */,
				C53A535526ECE1DB0093940D /* XCRemoteSwiftPackageReference "SDWebImageSwiftUI" */,
			);
			productRefGroup = C53A533E26ECDF110093940D /* Products */;
			projectDirPath = "";
			projectRoot = "";
			targets = (
				C53A533C26ECDF110093940D /* BlogApp */,
			);
		};
/* End PBXProject section */

/* Begin PBXResourcesBuildPhase section */
		C53A533B26ECDF110093940D /* Resources */ = {
			isa = PBXResourcesBuildPhase;
			buildActionMask = 2147483647;
			files = (
				C53A534826ECDF140093940D /* Preview Assets.xcassets in Resources */,
				C53A534526ECDF140093940D /* Assets.xcassets in Resources */,
			);
			runOnlyForDeploymentPostprocessing = 0;
		};
/* End PBXResourcesBuildPhase section */

/* Begin PBXSourcesBuildPhase section */
		C53A533926ECDF110093940D /* Sources */ = {
			isa = PBXSourcesBuildPhase;
			buildActionMask = 2147483647;
			files = (
				C53A535D26ECE2660093940D /* BlogPostCardMain.swift in Sources */,
				C53A536826ECE2EC0093940D /* BlogPostStore.swift in Sources */,
				C53A535F26ECE2740093940D /* BlogPostCardList.swift in Sources */,
				C53A534326ECDF110093940D /* ContentView.swift in Sources */,
				C53A536326ECE2990093940D /* HexColorExtension.swift in Sources */,
				C53A536126ECE28A0093940D /* BlogPostView.swift in Sources */,
				C53A535926ECE2450093940D /* MainView.swift in Sources */,
				C53A534126ECDF110093940D /* BlogAppApp.swift in Sources */,
				C53A536626ECE2E20093940D /* BlogPostModel.swift in Sources */,
				C53A535B26ECE2520093940D /* AllPosts.swift in Sources */,
			);
			runOnlyForDeploymentPostprocessing = 0;
		};
/* End PBXSourcesBuildPhase section */

/* Begin XCBuildConfiguration section */
		C53A534A26ECDF140093940D /* Debug */ = {
			isa = XCBuildConfiguration;
			buildSettings = {
				ALWAYS_SEARCH_USER_PATHS = NO;
				CLANG_ANALYZER_NONNULL = YES;
				CLANG_ANALYZER_NUMBER_OBJECT_CONVERSION = YES_AGGRESSIVE;
				CLANG_CXX_LANGUAGE_STANDARD = "gnu++14";
				CLANG_CXX_LIBRARY = "libc++";
				CLANG_ENABLE_MODULES = YES;
				CLANG_ENABLE_OBJC_ARC = YES;
				CLANG_ENABLE_OBJC_WEAK = YES;
				CLANG_WARN_BLOCK_CAPTURE_AUTORELEASING = YES;
				CLANG_WARN_BOOL_CONVERSION = YES;
				CLANG_WARN_COMMA = YES;
				CLANG_WARN_CONSTANT_CONVERSION = YES;
				CLANG_WARN_DEPRECATED_OBJC_IMPLEMENTATIONS = YES;
				CLANG_WARN_DIRECT_OBJC_ISA_USAGE = YES_ERROR;
				CLANG_WARN_DOCUMENTATION_COMMENTS = YES;
				CLANG_WARN_EMPTY_BODY = YES;
				CLANG_WARN_ENUM_CONVERSION = YES;
				CLANG_WARN_INFINITE_RECURSION = YES;
				CLANG_WARN_INT_CONVERSION = YES;
				CLANG_WARN_NON_LITERAL_NULL_CONVERSION = YES;
				CLANG_WARN_OBJC_IMPLICIT_RETAIN_SELF = YES;
				CLANG_WARN_OBJC_LITERAL_CONVERSION = YES;
				CLANG_WARN_OBJC_ROOT_CLASS = YES_ERROR;
				CLANG_WARN_QUOTED_INCLUDE_IN_FRAMEWORK_HEADER = YES;
				CLANG_WARN_RANGE_LOOP_ANALYSIS = YES;
				CLANG_WARN_STRICT_PROTOTYPES = YES;
				CLANG_WARN_SUSPICIOUS_MOVE = YES;
				CLANG_WARN_UNGUARDED_AVAILABILITY = YES_AGGRESSIVE;
				CLANG_WARN_UNREACHABLE_CODE = YES;
				CLANG_WARN__DUPLICATE_METHOD_MATCH = YES;
				COPY_PHASE_STRIP = NO;
				DEBUG_INFORMATION_FORMAT = dwarf;
				ENABLE_STRICT_OBJC_MSGSEND = YES;
				ENABLE_TESTABILITY = YES;
				GCC_C_LANGUAGE_STANDARD = gnu11;
				GCC_DYNAMIC_NO_PIC = NO;
				GCC_NO_COMMON_BLOCKS = YES;
				GCC_OPTIMIZATION_LEVEL = 0;
				GCC_PREPROCESSOR_DEFINITIONS = (
					"DEBUG=1",
					"$(inherited)",
				);
				GCC_WARN_64_TO_32_BIT_CONVERSION = YES;
				GCC_WARN_ABOUT_RETURN_TYPE = YES_ERROR;
				GCC_WARN_UNDECLARED_SELECTOR = YES;
				GCC_WARN_UNINITIALIZED_AUTOS = YES_AGGRESSIVE;
				GCC_WARN_UNUSED_FUNCTION = YES;
				GCC_WARN_UNUSED_VARIABLE = YES;
				IPHONEOS_DEPLOYMENT_TARGET = 14.5;
				MTL_ENABLE_DEBUG_INFO = INCLUDE_SOURCE;
				MTL_FAST_MATH = YES;
				ONLY_ACTIVE_ARCH = YES;
				SDKROOT = iphoneos;
				SWIFT_ACTIVE_COMPILATION_CONDITIONS = DEBUG;
				SWIFT_OPTIMIZATION_LEVEL = "-Onone";
			};
			name = Debug;
		};
		C53A534B26ECDF140093940D /* Release */ = {
			isa = XCBuildConfiguration;
			buildSettings = {
				ALWAYS_SEARCH_USER_PATHS = NO;
				CLANG_ANALYZER_NONNULL = YES;
				CLANG_ANALYZER_NUMBER_OBJECT_CONVERSION = YES_AGGRESSIVE;
				CLANG_CXX_LANGUAGE_STANDARD = "gnu++14";
				CLANG_CXX_LIBRARY = "libc++";
				CLANG_ENABLE_MODULES = YES;
				CLANG_ENABLE_OBJC_ARC = YES;
				CLANG_ENABLE_OBJC_WEAK = YES;
				CLANG_WARN_BLOCK_CAPTURE_AUTORELEASING = YES;
				CLANG_WARN_BOOL_CONVERSION = YES;
				CLANG_WARN_COMMA = YES;
				CLANG_WARN_CONSTANT_CONVERSION = YES;
				CLANG_WARN_DEPRECATED_OBJC_IMPLEMENTATIONS = YES;
				CLANG_WARN_DIRECT_OBJC_ISA_USAGE = YES_ERROR;
				CLANG_WARN_DOCUMENTATION_COMMENTS = YES;
				CLANG_WARN_EMPTY_BODY = YES;
				CLANG_WARN_ENUM_CONVERSION = YES;
				CLANG_WARN_INFINITE_RECURSION = YES;
				CLANG_WARN_INT_CONVERSION = YES;
				CLANG_WARN_NON_LITERAL_NULL_CONVERSION = YES;
				CLANG_WARN_OBJC_IMPLICIT_RETAIN_SELF = YES;
				CLANG_WARN_OBJC_LITERAL_CONVERSION = YES;
				CLANG_WARN_OBJC_ROOT_CLASS = YES_ERROR;
				CLANG_WARN_QUOTED_INCLUDE_IN_FRAMEWORK_HEADER = YES;
				CLANG_WARN_RANGE_LOOP_ANALYSIS = YES;
				CLANG_WARN_STRICT_PROTOTYPES = YES;
				CLANG_WARN_SUSPICIOUS_MOVE = YES;
				CLANG_WARN_UNGUARDED_AVAILABILITY = YES_AGGRESSIVE;
				CLANG_WARN_UNREACHABLE_CODE = YES;
				CLANG_WARN__DUPLICATE_METHOD_MATCH = YES;
				COPY_PHASE_STRIP = NO;
				DEBUG_INFORMATION_FORMAT = "dwarf-with-dsym";
				ENABLE_NS_ASSERTIONS = NO;
				ENABLE_STRICT_OBJC_MSGSEND = YES;
				GCC_C_LANGUAGE_STANDARD = gnu11;
				GCC_NO_COMMON_BLOCKS = YES;
				GCC_WARN_64_TO_32_BIT_CONVERSION = YES;
				GCC_WARN_ABOUT_RETURN_TYPE = YES_ERROR;
				GCC_WARN_UNDECLARED_SELECTOR = YES;
				GCC_WARN_UNINITIALIZED_AUTOS = YES_AGGRESSIVE;
				GCC_WARN_UNUSED_FUNCTION = YES;
				GCC_WARN_UNUSED_VARIABLE = YES;
				IPHONEOS_DEPLOYMENT_TARGET = 14.5;
				MTL_ENABLE_DEBUG_INFO = NO;
				MTL_FAST_MATH = YES;
				SDKROOT = iphoneos;
				SWIFT_COMPILATION_MODE = wholemodule;
				SWIFT_OPTIMIZATION_LEVEL = "-O";
				VALIDATE_PRODUCT = YES;
			};
			name = Release;
		};
		C53A534D26ECDF140093940D /* Debug */ = {
			isa = XCBuildConfiguration;
			buildSettings = {
				ASSETCATALOG_COMPILER_APPICON_NAME = AppIcon;
				ASSETCATALOG_COMPILER_GLOBAL_ACCENT_COLOR_NAME = AccentColor;
				CODE_SIGN_STYLE = Automatic;
				DEVELOPMENT_ASSET_PATHS = "\"BlogApp/Preview Content\"";
				DEVELOPMENT_TEAM = 4T7X5D3BA4;
				ENABLE_PREVIEWS = YES;
				INFOPLIST_FILE = BlogApp/Info.plist;
				IPHONEOS_DEPLOYMENT_TARGET = 14.0;
				LD_RUNPATH_SEARCH_PATHS = (
					"$(inherited)",
					"@executable_path/Frameworks",
				);
				PRODUCT_BUNDLE_IDENTIFIER = com.shelkford.BlogApp;
				PRODUCT_NAME = "$(TARGET_NAME)";
				SWIFT_VERSION = 5.0;
				TARGETED_DEVICE_FAMILY = "1,2";
			};
			name = Debug;
		};
		C53A534E26ECDF140093940D /* Release */ = {
			isa = XCBuildConfiguration;
			buildSettings = {
				ASSETCATALOG_COMPILER_APPICON_NAME = AppIcon;
				ASSETCATALOG_COMPILER_GLOBAL_ACCENT_COLOR_NAME = AccentColor;
				CODE_SIGN_STYLE = Automatic;
				DEVELOPMENT_ASSET_PATHS = "\"BlogApp/Preview Content\"";
				DEVELOPMENT_TEAM = 4T7X5D3BA4;
				ENABLE_PREVIEWS = YES;
				INFOPLIST_FILE = BlogApp/Info.plist;
				IPHONEOS_DEPLOYMENT_TARGET = 14.0;
				LD_RUNPATH_SEARCH_PATHS = (
					"$(inherited)",
					"@executable_path/Frameworks",
				);
				PRODUCT_BUNDLE_IDENTIFIER = com.shelkford.BlogApp;
				PRODUCT_NAME = "$(TARGET_NAME)";
				SWIFT_VERSION = 5.0;
				TARGETED_DEVICE_FAMILY = "1,2";
			};
			name = Release;
		};
/* End XCBuildConfiguration section */

/* Begin XCConfigurationList section */
		C53A533826ECDF110093940D /* Build configuration list for PBXProject "BlogApp" */ = {
			isa = XCConfigurationList;
			buildConfigurations = (
				C53A534A26ECDF140093940D /* Debug */,
				C53A534B26ECDF140093940D /* Release */,
			);
			defaultConfigurationIsVisible = 0;
			defaultConfigurationName = Release;
		};
		C53A534C26ECDF140093940D /* Build configuration list for PBXNativeTarget "BlogApp" */ = {
			isa = XCConfigurationList;
			buildConfigurations = (
				C53A534D26ECDF140093940D /* Debug */,
				C53A534E26ECDF140093940D /* Release */,
			);
			defaultConfigurationIsVisible = 0;
			defaultConfigurationName = Release;
		};
/* End XCConfigurationList section */

/* Begin XCRemoteSwiftPackageReference section */
		C53A535226ECE1BA0093940D /* XCRemoteSwiftPackageReference "contentful.swift" */ = {
			isa = XCRemoteSwiftPackageReference;
			repositoryURL = "https://github.com/contentful/contentful.swift.git";
			requirement = {
				kind = upToNextMajorVersion;
				minimumVersion = 5.5.1;
			};
		};
		C53A535526ECE1DB0093940D /* XCRemoteSwiftPackageReference "SDWebImageSwiftUI" */ = {
			isa = XCRemoteSwiftPackageReference;
			repositoryURL = "https://github.com/SDWebImage/SDWebImageSwiftUI.git";
			requirement = {
				kind = upToNextMajorVersion;
				minimumVersion = 2.0.2;
			};
		};
/* End XCRemoteSwiftPackageReference section */

/* Begin XCSwiftPackageProductDependency section */
		C53A535326ECE1BA0093940D /* Contentful */ = {
			isa = XCSwiftPackageProductDependency;
			package = C53A535226ECE1BA0093940D /* XCRemoteSwiftPackageReference "contentful.swift" */;
			productName = Contentful;
		};
		C53A535626ECE1DB0093940D /* SDWebImageSwiftUI */ = {
			isa = XCSwiftPackageProductDependency;
			package = C53A535526ECE1DB0093940D /* XCRemoteSwiftPackageReference "SDWebImageSwiftUI" */;
			productName = SDWebImageSwiftUI;
		};
/* End XCSwiftPackageProductDependency section */
	};
	rootObject = C53A533526ECDF110093940D /* Project object */;
}
